// !$*UTF8*$!
{
	archiveVersion = 1;
	classes = {
	};
	objectVersion = 56;
	objects = {

/* Begin PBXBuildFile section */
		3281B9452BD28F1400BA330C /* AppDelegate.swift in Sources */ = {isa = PBXBuildFile; fileRef = 3281B9442BD28F1400BA330C /* AppDelegate.swift */; };
		3281B9472BD28F1400BA330C /* SceneDelegate.swift in Sources */ = {isa = PBXBuildFile; fileRef = 3281B9462BD28F1400BA330C /* SceneDelegate.swift */; };
		3281B9492BD28F1400BA330C /* ViewController.swift in Sources */ = {isa = PBXBuildFile; fileRef = 3281B9482BD28F1400BA330C /* ViewController.swift */; };
		3281B94E2BD28F1500BA330C /* Assets.xcassets in Resources */ = {isa = PBXBuildFile; fileRef = 3281B94D2BD28F1500BA330C /* Assets.xcassets */; };
		3281B9512BD28F1500BA330C /* Base in Resources */ = {isa = PBXBuildFile; fileRef = 3281B9502BD28F1500BA330C /* Base */; };
		3281B9682BD2949100BA330C /* LICENSE.txt in Resources */ = {isa = PBXBuildFile; fileRef = 3281B95A2BD2949100BA330C /* LICENSE.txt */; };
		3281B9692BD2949100BA330C /* Roboto-Black.ttf in Resources */ = {isa = PBXBuildFile; fileRef = 3281B95B2BD2949100BA330C /* Roboto-Black.ttf */; };
		3281B96A2BD2949100BA330C /* Roboto-BlackItalic.ttf in Resources */ = {isa = PBXBuildFile; fileRef = 3281B95C2BD2949100BA330C /* Roboto-BlackItalic.ttf */; };
		3281B96B2BD2949100BA330C /* Roboto-Bold.ttf in Resources */ = {isa = PBXBuildFile; fileRef = 3281B95D2BD2949100BA330C /* Roboto-Bold.ttf */; };
		3281B96C2BD2949100BA330C /* Roboto-BoldItalic.ttf in Resources */ = {isa = PBXBuildFile; fileRef = 3281B95E2BD2949100BA330C /* Roboto-BoldItalic.ttf */; };
		3281B96D2BD2949100BA330C /* Roboto-Italic.ttf in Resources */ = {isa = PBXBuildFile; fileRef = 3281B95F2BD2949100BA330C /* Roboto-Italic.ttf */; };
		3281B96E2BD2949100BA330C /* Roboto-Light.ttf in Resources */ = {isa = PBXBuildFile; fileRef = 3281B9602BD2949100BA330C /* Roboto-Light.ttf */; };
		3281B96F2BD2949100BA330C /* Roboto-LightItalic.ttf in Resources */ = {isa = PBXBuildFile; fileRef = 3281B9612BD2949100BA330C /* Roboto-LightItalic.ttf */; };
		3281B9702BD2949100BA330C /* Roboto-Medium.ttf in Resources */ = {isa = PBXBuildFile; fileRef = 3281B9622BD2949100BA330C /* Roboto-Medium.ttf */; };
		3281B9712BD2949100BA330C /* Roboto-MediumItalic.ttf in Resources */ = {isa = PBXBuildFile; fileRef = 3281B9632BD2949100BA330C /* Roboto-MediumItalic.ttf */; };
		3281B9722BD2949100BA330C /* Roboto-Regular.ttf in Resources */ = {isa = PBXBuildFile; fileRef = 3281B9642BD2949100BA330C /* Roboto-Regular.ttf */; };
		3281B9732BD2949100BA330C /* Roboto-Thin.ttf in Resources */ = {isa = PBXBuildFile; fileRef = 3281B9652BD2949100BA330C /* Roboto-Thin.ttf */; };
		3281B9742BD2949100BA330C /* Roboto-ThinItalic.ttf in Resources */ = {isa = PBXBuildFile; fileRef = 3281B9662BD2949100BA330C /* Roboto-ThinItalic.ttf */; };
		3281B9772BD2960A00BA330C /* UIFont+Extension.swift in Sources */ = {isa = PBXBuildFile; fileRef = 3281B9762BD2960A00BA330C /* UIFont+Extension.swift */; };
/* End PBXBuildFile section */

/* Begin PBXFileReference section */
		3281B9412BD28F1400BA330C /* FooddevApp.app */ = {isa = PBXFileReference; explicitFileType = wrapper.application; includeInIndex = 0; path = FooddevApp.app; sourceTree = BUILT_PRODUCTS_DIR; };
		3281B9442BD28F1400BA330C /* AppDelegate.swift */ = {isa = PBXFileReference; lastKnownFileType = sourcecode.swift; path = AppDelegate.swift; sourceTree = "<group>"; };
		3281B9462BD28F1400BA330C /* SceneDelegate.swift */ = {isa = PBXFileReference; lastKnownFileType = sourcecode.swift; path = SceneDelegate.swift; sourceTree = "<group>"; };
		3281B9482BD28F1400BA330C /* ViewController.swift */ = {isa = PBXFileReference; lastKnownFileType = sourcecode.swift; path = ViewController.swift; sourceTree = "<group>"; };
		3281B94D2BD28F1500BA330C /* Assets.xcassets */ = {isa = PBXFileReference; lastKnownFileType = folder.assetcatalog; path = Assets.xcassets; sourceTree = "<group>"; };
		3281B9502BD28F1500BA330C /* Base */ = {isa = PBXFileReference; lastKnownFileType = file.storyboard; name = Base; path = Base.lproj/LaunchScreen.storyboard; sourceTree = "<group>"; };
		3281B9522BD28F1500BA330C /* Info.plist */ = {isa = PBXFileReference; lastKnownFileType = text.plist.xml; path = Info.plist; sourceTree = "<group>"; };
		3281B95A2BD2949100BA330C /* LICENSE.txt */ = {isa = PBXFileReference; fileEncoding = 4; lastKnownFileType = text; path = LICENSE.txt; sourceTree = "<group>"; };
		3281B95B2BD2949100BA330C /* Roboto-Black.ttf */ = {isa = PBXFileReference; lastKnownFileType = file; path = "Roboto-Black.ttf"; sourceTree = "<group>"; };
		3281B95C2BD2949100BA330C /* Roboto-BlackItalic.ttf */ = {isa = PBXFileReference; lastKnownFileType = file; path = "Roboto-BlackItalic.ttf"; sourceTree = "<group>"; };
		3281B95D2BD2949100BA330C /* Roboto-Bold.ttf */ = {isa = PBXFileReference; lastKnownFileType = file; path = "Roboto-Bold.ttf"; sourceTree = "<group>"; };
		3281B95E2BD2949100BA330C /* Roboto-BoldItalic.ttf */ = {isa = PBXFileReference; lastKnownFileType = file; path = "Roboto-BoldItalic.ttf"; sourceTree = "<group>"; };
		3281B95F2BD2949100BA330C /* Roboto-Italic.ttf */ = {isa = PBXFileReference; lastKnownFileType = file; path = "Roboto-Italic.ttf"; sourceTree = "<group>"; };
		3281B9602BD2949100BA330C /* Roboto-Light.ttf */ = {isa = PBXFileReference; lastKnownFileType = file; path = "Roboto-Light.ttf"; sourceTree = "<group>"; };
		3281B9612BD2949100BA330C /* Roboto-LightItalic.ttf */ = {isa = PBXFileReference; lastKnownFileType = file; path = "Roboto-LightItalic.ttf"; sourceTree = "<group>"; };
		3281B9622BD2949100BA330C /* Roboto-Medium.ttf */ = {isa = PBXFileReference; lastKnownFileType = file; path = "Roboto-Medium.ttf"; sourceTree = "<group>"; };
		3281B9632BD2949100BA330C /* Roboto-MediumItalic.ttf */ = {isa = PBXFileReference; lastKnownFileType = file; path = "Roboto-MediumItalic.ttf"; sourceTree = "<group>"; };
		3281B9642BD2949100BA330C /* Roboto-Regular.ttf */ = {isa = PBXFileReference; lastKnownFileType = file; path = "Roboto-Regular.ttf"; sourceTree = "<group>"; };
		3281B9652BD2949100BA330C /* Roboto-Thin.ttf */ = {isa = PBXFileReference; lastKnownFileType = file; path = "Roboto-Thin.ttf"; sourceTree = "<group>"; };
		3281B9662BD2949100BA330C /* Roboto-ThinItalic.ttf */ = {isa = PBXFileReference; lastKnownFileType = file; path = "Roboto-ThinItalic.ttf"; sourceTree = "<group>"; };
		3281B9762BD2960A00BA330C /* UIFont+Extension.swift */ = {isa = PBXFileReference; lastKnownFileType = sourcecode.swift; path = "UIFont+Extension.swift"; sourceTree = "<group>"; };
/* End PBXFileReference section */

/* Begin PBXFrameworksBuildPhase section */
		3281B93E2BD28F1400BA330C /* Frameworks */ = {
			isa = PBXFrameworksBuildPhase;
			buildActionMask = 2147483647;
			files = (
			);
			runOnlyForDeploymentPostprocessing = 0;
		};
/* End PBXFrameworksBuildPhase section */

/* Begin PBXGroup section */
		3281B9382BD28F1400BA330C = {
			isa = PBXGroup;
			children = (
				3281B9432BD28F1400BA330C /* FooddevApp */,
				3281B9422BD28F1400BA330C /* Products */,
			);
			sourceTree = "<group>";
		};
		3281B9422BD28F1400BA330C /* Products */ = {
			isa = PBXGroup;
			children = (
				3281B9412BD28F1400BA330C /* FooddevApp.app */,
			);
			name = Products;
			sourceTree = "<group>";
		};
		3281B9432BD28F1400BA330C /* FooddevApp */ = {
			isa = PBXGroup;
			children = (
				3281B9582BD2946D00BA330C /* Resources */,
				3281B9442BD28F1400BA330C /* AppDelegate.swift */,
				3281B9462BD28F1400BA330C /* SceneDelegate.swift */,
				3281B9482BD28F1400BA330C /* ViewController.swift */,
				3281B94D2BD28F1500BA330C /* Assets.xcassets */,
				3281B94F2BD28F1500BA330C /* LaunchScreen.storyboard */,
				3281B9522BD28F1500BA330C /* Info.plist */,
			);
			path = FooddevApp;
			sourceTree = "<group>";
		};
		3281B9582BD2946D00BA330C /* Resources */ = {
			isa = PBXGroup;
			children = (
				3281B9752BD295E300BA330C /* Extensions */,
				3281B9592BD2947500BA330C /* Fonts */,
			);
			path = Resources;
			sourceTree = "<group>";
		};
		3281B9592BD2947500BA330C /* Fonts */ = {
			isa = PBXGroup;
			children = (
				3281B9672BD2949100BA330C /* Roboto */,
			);
			path = Fonts;
			sourceTree = "<group>";
		};
		3281B9672BD2949100BA330C /* Roboto */ = {
			isa = PBXGroup;
			children = (
				3281B95A2BD2949100BA330C /* LICENSE.txt */,
				3281B95B2BD2949100BA330C /* Roboto-Black.ttf */,
				3281B95C2BD2949100BA330C /* Roboto-BlackItalic.ttf */,
				3281B95D2BD2949100BA330C /* Roboto-Bold.ttf */,
				3281B95E2BD2949100BA330C /* Roboto-BoldItalic.ttf */,
				3281B95F2BD2949100BA330C /* Roboto-Italic.ttf */,
				3281B9602BD2949100BA330C /* Roboto-Light.ttf */,
				3281B9612BD2949100BA330C /* Roboto-LightItalic.ttf */,
				3281B9622BD2949100BA330C /* Roboto-Medium.ttf */,
				3281B9632BD2949100BA330C /* Roboto-MediumItalic.ttf */,
				3281B9642BD2949100BA330C /* Roboto-Regular.ttf */,
				3281B9652BD2949100BA330C /* Roboto-Thin.ttf */,
				3281B9662BD2949100BA330C /* Roboto-ThinItalic.ttf */,
			);
			path = Roboto;
			sourceTree = "<group>";
		};
		3281B9752BD295E300BA330C /* Extensions */ = {
			isa = PBXGroup;
			children = (
				3281B9762BD2960A00BA330C /* UIFont+Extension.swift */,
			);
			path = Extensions;
			sourceTree = "<group>";
		};
/* End PBXGroup section */

/* Begin PBXNativeTarget section */
		3281B9402BD28F1400BA330C /* FooddevApp */ = {
			isa = PBXNativeTarget;
			buildConfigurationList = 3281B9552BD28F1500BA330C /* Build configuration list for PBXNativeTarget "FooddevApp" */;
			buildPhases = (
				3281B93D2BD28F1400BA330C /* Sources */,
				3281B93E2BD28F1400BA330C /* Frameworks */,
				3281B93F2BD28F1400BA330C /* Resources */,
			);
			buildRules = (
			);
			dependencies = (
			);
			name = FooddevApp;
			productName = FooddevApp;
			productReference = 3281B9412BD28F1400BA330C /* FooddevApp.app */;
			productType = "com.apple.product-type.application";
		};
/* End PBXNativeTarget section */

/* Begin PBXProject section */
		3281B9392BD28F1400BA330C /* Project object */ = {
			isa = PBXProject;
			attributes = {
				BuildIndependentTargetsInParallel = 1;
				LastSwiftUpdateCheck = 1530;
				LastUpgradeCheck = 1530;
				TargetAttributes = {
					3281B9402BD28F1400BA330C = {
						CreatedOnToolsVersion = 15.3;
					};
				};
			};
			buildConfigurationList = 3281B93C2BD28F1400BA330C /* Build configuration list for PBXProject "FooddevApp" */;
			compatibilityVersion = "Xcode 14.0";
			developmentRegion = en;
			hasScannedForEncodings = 0;
			knownRegions = (
				en,
				Base,
			);
			mainGroup = 3281B9382BD28F1400BA330C;
			productRefGroup = 3281B9422BD28F1400BA330C /* Products */;
			projectDirPath = "";
			projectRoot = "";
			targets = (
				3281B9402BD28F1400BA330C /* FooddevApp */,
			);
		};
/* End PBXProject section */

/* Begin PBXResourcesBuildPhase section */
		3281B93F2BD28F1400BA330C /* Resources */ = {
			isa = PBXResourcesBuildPhase;
			buildActionMask = 2147483647;
			files = (
				3281B9742BD2949100BA330C /* Roboto-ThinItalic.ttf in Resources */,
				3281B9732BD2949100BA330C /* Roboto-Thin.ttf in Resources */,
				3281B9682BD2949100BA330C /* LICENSE.txt in Resources */,
				3281B94E2BD28F1500BA330C /* Assets.xcassets in Resources */,
				3281B96F2BD2949100BA330C /* Roboto-LightItalic.ttf in Resources */,
				3281B96B2BD2949100BA330C /* Roboto-Bold.ttf in Resources */,
				3281B9712BD2949100BA330C /* Roboto-MediumItalic.ttf in Resources */,
				3281B96A2BD2949100BA330C /* Roboto-BlackItalic.ttf in Resources */,
				3281B9512BD28F1500BA330C /* Base in Resources */,
				3281B96D2BD2949100BA330C /* Roboto-Italic.ttf in Resources */,
				3281B96C2BD2949100BA330C /* Roboto-BoldItalic.ttf in Resources */,
				3281B9702BD2949100BA330C /* Roboto-Medium.ttf in Resources */,
				3281B9722BD2949100BA330C /* Roboto-Regular.ttf in Resources */,
				3281B9692BD2949100BA330C /* Roboto-Black.ttf in Resources */,
				3281B96E2BD2949100BA330C /* Roboto-Light.ttf in Resources */,
			);
			runOnlyForDeploymentPostprocessing = 0;
		};
/* End PBXResourcesBuildPhase section */

/* Begin PBXSourcesBuildPhase section */
		3281B93D2BD28F1400BA330C /* Sources */ = {
			isa = PBXSourcesBuildPhase;
			buildActionMask = 2147483647;
			files = (
				3281B9492BD28F1400BA330C /* ViewController.swift in Sources */,
				3281B9452BD28F1400BA330C /* AppDelegate.swift in Sources */,
				3281B9772BD2960A00BA330C /* UIFont+Extension.swift in Sources */,
				3281B9472BD28F1400BA330C /* SceneDelegate.swift in Sources */,
			);
			runOnlyForDeploymentPostprocessing = 0;
		};
/* End PBXSourcesBuildPhase section */

/* Begin PBXVariantGroup section */
		3281B94F2BD28F1500BA330C /* LaunchScreen.storyboard */ = {
			isa = PBXVariantGroup;
			children = (
				3281B9502BD28F1500BA330C /* Base */,
			);
			name = LaunchScreen.storyboard;
			sourceTree = "<group>";
		};
/* End PBXVariantGroup section */

/* Begin XCBuildConfiguration section */
		3281B9532BD28F1500BA330C /* Debug */ = {
			isa = XCBuildConfiguration;
			buildSettings = {
				ALWAYS_SEARCH_USER_PATHS = NO;
				ASSETCATALOG_COMPILER_GENERATE_SWIFT_ASSET_SYMBOL_EXTENSIONS = YES;
				CLANG_ANALYZER_NONNULL = YES;
				CLANG_ANALYZER_NUMBER_OBJECT_CONVERSION = YES_AGGRESSIVE;
				CLANG_CXX_LANGUAGE_STANDARD = "gnu++20";
				CLANG_ENABLE_MODULES = YES;
				CLANG_ENABLE_OBJC_ARC = YES;
				CLANG_ENABLE_OBJC_WEAK = YES;
				CLANG_WARN_BLOCK_CAPTURE_AUTORELEASING = YES;
				CLANG_WARN_BOOL_CONVERSION = YES;
				CLANG_WARN_COMMA = YES;
				CLANG_WARN_CONSTANT_CONVERSION = YES;
				CLANG_WARN_DEPRECATED_OBJC_IMPLEMENTATIONS = YES;
				CLANG_WARN_DIRECT_OBJC_ISA_USAGE = YES_ERROR;
				CLANG_WARN_DOCUMENTATION_COMMENTS = YES;
				CLANG_WARN_EMPTY_BODY = YES;
				CLANG_WARN_ENUM_CONVERSION = YES;
				CLANG_WARN_INFINITE_RECURSION = YES;
				CLANG_WARN_INT_CONVERSION = YES;
				CLANG_WARN_NON_LITERAL_NULL_CONVERSION = YES;
				CLANG_WARN_OBJC_IMPLICIT_RETAIN_SELF = YES;
				CLANG_WARN_OBJC_LITERAL_CONVERSION = YES;
				CLANG_WARN_OBJC_ROOT_CLASS = YES_ERROR;
				CLANG_WARN_QUOTED_INCLUDE_IN_FRAMEWORK_HEADER = YES;
				CLANG_WARN_RANGE_LOOP_ANALYSIS = YES;
				CLANG_WARN_STRICT_PROTOTYPES = YES;
				CLANG_WARN_SUSPICIOUS_MOVE = YES;
				CLANG_WARN_UNGUARDED_AVAILABILITY = YES_AGGRESSIVE;
				CLANG_WARN_UNREACHABLE_CODE = YES;
				CLANG_WARN__DUPLICATE_METHOD_MATCH = YES;
				COPY_PHASE_STRIP = NO;
				DEBUG_INFORMATION_FORMAT = dwarf;
				ENABLE_STRICT_OBJC_MSGSEND = YES;
				ENABLE_TESTABILITY = YES;
				ENABLE_USER_SCRIPT_SANDBOXING = YES;
				GCC_C_LANGUAGE_STANDARD = gnu17;
				GCC_DYNAMIC_NO_PIC = NO;
				GCC_NO_COMMON_BLOCKS = YES;
				GCC_OPTIMIZATION_LEVEL = 0;
				GCC_PREPROCESSOR_DEFINITIONS = (
					"DEBUG=1",
					"$(inherited)",
				);
				GCC_WARN_64_TO_32_BIT_CONVERSION = YES;
				GCC_WARN_ABOUT_RETURN_TYPE = YES_ERROR;
				GCC_WARN_UNDECLARED_SELECTOR = YES;
				GCC_WARN_UNINITIALIZED_AUTOS = YES_AGGRESSIVE;
				GCC_WARN_UNUSED_FUNCTION = YES;
				GCC_WARN_UNUSED_VARIABLE = YES;
				IPHONEOS_DEPLOYMENT_TARGET = 17.4;
				LOCALIZATION_PREFERS_STRING_CATALOGS = YES;
				MTL_ENABLE_DEBUG_INFO = INCLUDE_SOURCE;
				MTL_FAST_MATH = YES;
				ONLY_ACTIVE_ARCH = YES;
				SDKROOT = iphoneos;
				SWIFT_ACTIVE_COMPILATION_CONDITIONS = "DEBUG $(inherited)";
				SWIFT_OPTIMIZATION_LEVEL = "-Onone";
			};
			name = Debug;
		};
		3281B9542BD28F1500BA330C /* Release */ = {
			isa = XCBuildConfiguration;
			buildSettings = {
				ALWAYS_SEARCH_USER_PATHS = NO;
				ASSETCATALOG_COMPILER_GENERATE_SWIFT_ASSET_SYMBOL_EXTENSIONS = YES;
				CLANG_ANALYZER_NONNULL = YES;
				CLANG_ANALYZER_NUMBER_OBJECT_CONVERSION = YES_AGGRESSIVE;
				CLANG_CXX_LANGUAGE_STANDARD = "gnu++20";
				CLANG_ENABLE_MODULES = YES;
				CLANG_ENABLE_OBJC_ARC = YES;
				CLANG_ENABLE_OBJC_WEAK = YES;
				CLANG_WARN_BLOCK_CAPTURE_AUTORELEASING = YES;
				CLANG_WARN_BOOL_CONVERSION = YES;
				CLANG_WARN_COMMA = YES;
				CLANG_WARN_CONSTANT_CONVERSION = YES;
				CLANG_WARN_DEPRECATED_OBJC_IMPLEMENTATIONS = YES;
				CLANG_WARN_DIRECT_OBJC_ISA_USAGE = YES_ERROR;
				CLANG_WARN_DOCUMENTATION_COMMENTS = YES;
				CLANG_WARN_EMPTY_BODY = YES;
				CLANG_WARN_ENUM_CONVERSION = YES;
				CLANG_WARN_INFINITE_RECURSION = YES;
				CLANG_WARN_INT_CONVERSION = YES;
				CLANG_WARN_NON_LITERAL_NULL_CONVERSION = YES;
				CLANG_WARN_OBJC_IMPLICIT_RETAIN_SELF = YES;
				CLANG_WARN_OBJC_LITERAL_CONVERSION = YES;
				CLANG_WARN_OBJC_ROOT_CLASS = YES_ERROR;
				CLANG_WARN_QUOTED_INCLUDE_IN_FRAMEWORK_HEADER = YES;
				CLANG_WARN_RANGE_LOOP_ANALYSIS = YES;
				CLANG_WARN_STRICT_PROTOTYPES = YES;
				CLANG_WARN_SUSPICIOUS_MOVE = YES;
				CLANG_WARN_UNGUARDED_AVAILABILITY = YES_AGGRESSIVE;
				CLANG_WARN_UNREACHABLE_CODE = YES;
				CLANG_WARN__DUPLICATE_METHOD_MATCH = YES;
				COPY_PHASE_STRIP = NO;
				DEBUG_INFORMATION_FORMAT = "dwarf-with-dsym";
				ENABLE_NS_ASSERTIONS = NO;
				ENABLE_STRICT_OBJC_MSGSEND = YES;
				ENABLE_USER_SCRIPT_SANDBOXING = YES;
				GCC_C_LANGUAGE_STANDARD = gnu17;
				GCC_NO_COMMON_BLOCKS = YES;
				GCC_WARN_64_TO_32_BIT_CONVERSION = YES;
				GCC_WARN_ABOUT_RETURN_TYPE = YES_ERROR;
				GCC_WARN_UNDECLARED_SELECTOR = YES;
				GCC_WARN_UNINITIALIZED_AUTOS = YES_AGGRESSIVE;
				GCC_WARN_UNUSED_FUNCTION = YES;
				GCC_WARN_UNUSED_VARIABLE = YES;
				IPHONEOS_DEPLOYMENT_TARGET = 17.4;
				LOCALIZATION_PREFERS_STRING_CATALOGS = YES;
				MTL_ENABLE_DEBUG_INFO = NO;
				MTL_FAST_MATH = YES;
				SDKROOT = iphoneos;
				SWIFT_COMPILATION_MODE = wholemodule;
				VALIDATE_PRODUCT = YES;
			};
			name = Release;
		};
		3281B9562BD28F1500BA330C /* Debug */ = {
			isa = XCBuildConfiguration;
			buildSettings = {
				ASSETCATALOG_COMPILER_APPICON_NAME = AppIcon;
				ASSETCATALOG_COMPILER_GLOBAL_ACCENT_COLOR_NAME = AccentColor;
				CODE_SIGN_STYLE = Automatic;
				CURRENT_PROJECT_VERSION = 1;
				DEVELOPMENT_TEAM = CRSL56V7YV;
				GENERATE_INFOPLIST_FILE = YES;
				INFOPLIST_FILE = FooddevApp/Info.plist;
				INFOPLIST_KEY_UIApplicationSupportsIndirectInputEvents = YES;
				INFOPLIST_KEY_UILaunchStoryboardName = LaunchScreen;
				INFOPLIST_KEY_UISupportedInterfaceOrientations_iPad = "UIInterfaceOrientationPortrait UIInterfaceOrientationPortraitUpsideDown UIInterfaceOrientationLandscapeLeft UIInterfaceOrientationLandscapeRight";
				INFOPLIST_KEY_UISupportedInterfaceOrientations_iPhone = "UIInterfaceOrientationPortrait UIInterfaceOrientationLandscapeLeft UIInterfaceOrientationLandscapeRight";
				LD_RUNPATH_SEARCH_PATHS = (
					"$(inherited)",
					"@executable_path/Frameworks",
				);
				MARKETING_VERSION = 1.0;
				PRODUCT_BUNDLE_IDENTIFIER = my.FooddevApp;
				PRODUCT_NAME = "$(TARGET_NAME)";
				SWIFT_EMIT_LOC_STRINGS = YES;
				SWIFT_VERSION = 5.0;
				TARGETED_DEVICE_FAMILY = "1,2";
			};
			name = Debug;
		};
		3281B9572BD28F1500BA330C /* Release */ = {
			isa = XCBuildConfiguration;
			buildSettings = {
				ASSETCATALOG_COMPILER_APPICON_NAME = AppIcon;
				ASSETCATALOG_COMPILER_GLOBAL_ACCENT_COLOR_NAME = AccentColor;
				CODE_SIGN_STYLE = Automatic;
				CURRENT_PROJECT_VERSION = 1;
				DEVELOPMENT_TEAM = CRSL56V7YV;
				GENERATE_INFOPLIST_FILE = YES;
				INFOPLIST_FILE = FooddevApp/Info.plist;
				INFOPLIST_KEY_UIApplicationSupportsIndirectInputEvents = YES;
				INFOPLIST_KEY_UILaunchStoryboardName = LaunchScreen;
				INFOPLIST_KEY_UISupportedInterfaceOrientations_iPad = "UIInterfaceOrientationPortrait UIInterfaceOrientationPortraitUpsideDown UIInterfaceOrientationLandscapeLeft UIInterfaceOrientationLandscapeRight";
				INFOPLIST_KEY_UISupportedInterfaceOrientations_iPhone = "UIInterfaceOrientationPortrait UIInterfaceOrientationLandscapeLeft UIInterfaceOrientationLandscapeRight";
				LD_RUNPATH_SEARCH_PATHS = (
					"$(inherited)",
					"@executable_path/Frameworks",
				);
				MARKETING_VERSION = 1.0;
				PRODUCT_BUNDLE_IDENTIFIER = my.FooddevApp;
				PRODUCT_NAME = "$(TARGET_NAME)";
				SWIFT_EMIT_LOC_STRINGS = YES;
				SWIFT_VERSION = 5.0;
				TARGETED_DEVICE_FAMILY = "1,2";
			};
			name = Release;
		};
/* End XCBuildConfiguration section */

/* Begin XCConfigurationList section */
		3281B93C2BD28F1400BA330C /* Build configuration list for PBXProject "FooddevApp" */ = {
			isa = XCConfigurationList;
			buildConfigurations = (
				3281B9532BD28F1500BA330C /* Debug */,
				3281B9542BD28F1500BA330C /* Release */,
			);
			defaultConfigurationIsVisible = 0;
			defaultConfigurationName = Release;
		};
		3281B9552BD28F1500BA330C /* Build configuration list for PBXNativeTarget "FooddevApp" */ = {
			isa = XCConfigurationList;
			buildConfigurations = (
				3281B9562BD28F1500BA330C /* Debug */,
				3281B9572BD28F1500BA330C /* Release */,
			);
			defaultConfigurationIsVisible = 0;
			defaultConfigurationName = Release;
		};
/* End XCConfigurationList section */
	};
	rootObject = 3281B9392BD28F1400BA330C /* Project object */;
}
